
Microsoft Visual Studio Solution File, Format Version 12.00
# Visual Studio Version 17
VisualStudioVersion = 17.7.34024.191
MinimumVisualStudioVersion = 10.0.40219.1
Project("{FAE04EC0-301F-11D3-BF4B-00C04F79EFBC}") = "WFA_HW_100123", "WFA_HW_100123\WFA_HW_100123.csproj", "{7A5CB97A-388B-4D72-A2DC-78A2D957C5A2}"
EndProject
Global
	GlobalSection(SolutionConfigurationPlatforms) = preSolution
		Debug|Any CPU = Debug|Any CPU
		Release|Any CPU = Release|Any CPU
	EndGlobalSection
	GlobalSection(ProjectConfigurationPlatforms) = postSolution
		{7A5CB97A-388B-4D72-A2DC-78A2D957C5A2}.Debug|Any CPU.ActiveCfg = Debug|Any CPU
		{7A5CB97A-388B-4D72-A2DC-78A2D957C5A2}.Debug|Any CPU.Build.0 = Debug|Any CPU
		{7A5CB97A-388B-4D72-A2DC-78A2D957C5A2}.Release|Any CPU.ActiveCfg = Release|Any CPU
		{7A5CB97A-388B-4D72-A2DC-78A2D957C5A2}.Release|Any CPU.Build.0 = Release|Any CPU
	EndGlobalSection
	GlobalSection(SolutionProperties) = preSolution
		HideSolutionNode = FALSE
	EndGlobalSection
	GlobalSection(ExtensibilityGlobals) = postSolution
		SolutionGuid = {E242EE17-A908-4B09-96D5-1E47146FEA41}
	EndGlobalSection
EndGlobal
